# This file is autogenerated, do not edit; changes may be undone by the next 'dep ensure'.


[[projects]]
  branch = "master"
  digest = "1:bafdcc85e3580f2d6f5eeb3b412248960a4cb9a88820771b7f86a3a3c3388e09"
  name = "github.com/HauptJ/go-luhn"
  packages = ["."]
  pruneopts = "UT"
  revision = "1e071b33b5763de3339c628f1565ba80b2d3d273"

[solve-meta]
  analyzer-name = "dep"
  analyzer-version = 1
  input-imports = ["github.com/HauptJ/go-luhn"]
  solver-name = "gps-cdcl"
  solver-version = 1
